
Microsoft Visual Studio Solution File, Format Version 12.00
# Visual Studio 14
VisualStudioVersion = 14.0.24720.0
MinimumVisualStudioVersion = 10.0.40219.1
Project("{FAE04EC0-301F-11D3-BF4B-00C04F79EFBC}") = "Memoria.Patcher", "Memoria.Patcher\Memoria.Patcher.csproj", "{4BB1EB9A-F28E-448A-90F1-C5594B5F84F8}"
EndProject
Project("{FAE04EC0-301F-11D3-BF4B-00C04F79EFBC}") = "Memoria", "Memoria\Memoria.csproj", "{A00A1A48-8C9D-4D46-99A8-F53665A6B519}"
EndProject
Project("{2150E333-8FDC-42A3-9474-1A3956D46DE8}") = "References", "References", "{27033090-5B63-4E6B-AD90-1344C66331CC}"
	ProjectSection(SolutionItems) = preProject
		References\Assembly-CSharp.dll = References\Assembly-CSharp.dll
		References\MemoriaPostBuild.cmd = References\MemoriaPostBuild.cmd
		References\UnityEngine.dll = References\UnityEngine.dll
		References\XInputDotNetPure.dll = References\XInputDotNetPure.dll
	EndProjectSection
EndProject
Project("{2150E333-8FDC-42A3-9474-1A3956D46DE8}") = "Solution Items", "Solution Items", "{7F758266-0DF0-478B-B26B-1F2C338C3C88}"
	ProjectSection(SolutionItems) = preProject
		README.md = README.md
	EndProjectSection
EndProject
Global
	GlobalSection(SolutionConfigurationPlatforms) = preSolution
		Debug|Any CPU = Debug|Any CPU
		Release|Any CPU = Release|Any CPU
	EndGlobalSection
	GlobalSection(ProjectConfigurationPlatforms) = postSolution
		{4BB1EB9A-F28E-448A-90F1-C5594B5F84F8}.Debug|Any CPU.ActiveCfg = Debug|Any CPU
		{4BB1EB9A-F28E-448A-90F1-C5594B5F84F8}.Debug|Any CPU.Build.0 = Debug|Any CPU
		{4BB1EB9A-F28E-448A-90F1-C5594B5F84F8}.Release|Any CPU.ActiveCfg = Release|Any CPU
		{4BB1EB9A-F28E-448A-90F1-C5594B5F84F8}.Release|Any CPU.Build.0 = Release|Any CPU
		{A00A1A48-8C9D-4D46-99A8-F53665A6B519}.Debug|Any CPU.ActiveCfg = Debug|Any CPU
		{A00A1A48-8C9D-4D46-99A8-F53665A6B519}.Debug|Any CPU.Build.0 = Debug|Any CPU
		{A00A1A48-8C9D-4D46-99A8-F53665A6B519}.Release|Any CPU.ActiveCfg = Release|Any CPU
		{A00A1A48-8C9D-4D46-99A8-F53665A6B519}.Release|Any CPU.Build.0 = Release|Any CPU
	EndGlobalSection
	GlobalSection(SolutionProperties) = preSolution
		HideSolutionNode = FALSE
	EndGlobalSection
EndGlobal
